
Microsoft Visual Studio Solution File, Format Version 12.00
# Visual Studio 15
VisualStudioVersion = 15.0.28307.489
MinimumVisualStudioVersion = 10.0.40219.1
Project("{FAE04EC0-301F-11D3-BF4B-00C04F79EFBC}") = "RestaurantApi", "RestaurantApi\RestaurantApi.csproj", "{1C0B2437-02EE-4C49-89E5-9843EA2B95B7}"
EndProject
Project("{FAE04EC0-301F-11D3-BF4B-00C04F79EFBC}") = "RestaurantApi.Tests", "RestaurantApi.Tests\RestaurantApi.Tests.csproj", "{090BF6F5-4122-42D7-9FE6-DB703D99CE8B}"
EndProject
Global
	GlobalSection(SolutionConfigurationPlatforms) = preSolution
		Debug|Any CPU = Debug|Any CPU
		Release|Any CPU = Release|Any CPU
	EndGlobalSection
	GlobalSection(ProjectConfigurationPlatforms) = postSolution
		{1C0B2437-02EE-4C49-89E5-9843EA2B95B7}.Debug|Any CPU.ActiveCfg = Debug|Any CPU
		{1C0B2437-02EE-4C49-89E5-9843EA2B95B7}.Debug|Any CPU.Build.0 = Debug|Any CPU
		{1C0B2437-02EE-4C49-89E5-9843EA2B95B7}.Release|Any CPU.ActiveCfg = Release|Any CPU
		{1C0B2437-02EE-4C49-89E5-9843EA2B95B7}.Release|Any CPU.Build.0 = Release|Any CPU
		{090BF6F5-4122-42D7-9FE6-DB703D99CE8B}.Debug|Any CPU.ActiveCfg = Debug|Any CPU
		{090BF6F5-4122-42D7-9FE6-DB703D99CE8B}.Debug|Any CPU.Build.0 = Debug|Any CPU
		{090BF6F5-4122-42D7-9FE6-DB703D99CE8B}.Release|Any CPU.ActiveCfg = Release|Any CPU
		{090BF6F5-4122-42D7-9FE6-DB703D99CE8B}.Release|Any CPU.Build.0 = Release|Any CPU
	EndGlobalSection
	GlobalSection(SolutionProperties) = preSolution
		HideSolutionNode = FALSE
	EndGlobalSection
	GlobalSection(ExtensibilityGlobals) = postSolution
		SolutionGuid = {7FDB4243-03B2-4719-8D69-E483B5AEFBFA}
	EndGlobalSection
EndGlobal
